# THIS IS AN AUTOGENERATED FILE. DO NOT EDIT THIS FILE DIRECTLY.
# yarn lockfile v1


hyperhtml@^2.10.8:
  version "2.10.8"
  resolved "https://registry.yarnpkg.com/hyperhtml/-/hyperhtml-2.10.8.tgz#b1fb148b812113933d66d0bd8a9cf817044c1423"
  dependencies:
    lightercollective "^0.0.3"

lightercollective@^0.0.3:
  version "0.0.3"
  resolved "https://registry.yarnpkg.com/lightercollective/-/lightercollective-0.0.3.tgz#c58f01fde36f4d9432eda354c635a192fc291b2b"
